
Microsoft Visual Studio Solution File, Format Version 12.00
# Visual Studio Version 17
VisualStudioVersion = 17.9.34728.123
MinimumVisualStudioVersion = 10.0.40219.1
Project("{FAE04EC0-301F-11D3-BF4B-00C04F79EFBC}") = "EmployeeHR", "EmployeeHR\EmployeeHR.csproj", "{C54C0136-3441-40B8-94FD-E1EEE747D9BF}"
EndProject
Global
	GlobalSection(SolutionConfigurationPlatforms) = preSolution
		Debug|Any CPU = Debug|Any CPU
		Release|Any CPU = Release|Any CPU
	EndGlobalSection
	GlobalSection(ProjectConfigurationPlatforms) = postSolution
		{C54C0136-3441-40B8-94FD-E1EEE747D9BF}.Debug|Any CPU.ActiveCfg = Debug|Any CPU
		{C54C0136-3441-40B8-94FD-E1EEE747D9BF}.Debug|Any CPU.Build.0 = Debug|Any CPU
		{C54C0136-3441-40B8-94FD-E1EEE747D9BF}.Release|Any CPU.ActiveCfg = Release|Any CPU
		{C54C0136-3441-40B8-94FD-E1EEE747D9BF}.Release|Any CPU.Build.0 = Release|Any CPU
	EndGlobalSection
	GlobalSection(SolutionProperties) = preSolution
		HideSolutionNode = FALSE
	EndGlobalSection
	GlobalSection(ExtensibilityGlobals) = postSolution
		SolutionGuid = {D3A75407-E826-4BB0-8D65-5F7333B25B99}
	EndGlobalSection
EndGlobal
